
Microsoft Visual Studio Solution File, Format Version 12.00
# Visual Studio Version 16
VisualStudioVersion = 16.0.31025.194
MinimumVisualStudioVersion = 10.0.40219.1
Project("{9A19103F-16F7-4668-BE54-9A1E7A4F7556}") = "Pokemon", "Pokemon.csproj", "{E5446616-00D3-4A6B-A694-2635E30AE202}"
EndProject
Project("{FAE04EC0-301F-11D3-BF4B-00C04F79EFBC}") = "Pokemon.UnitTests", "..\Pokemon.UnitTests\Pokemon.UnitTests.csproj", "{9CF84680-2378-419D-8F68-9F800A13620B}"
EndProject
Global
	GlobalSection(SolutionConfigurationPlatforms) = preSolution
		Debug|Any CPU = Debug|Any CPU
		Release|Any CPU = Release|Any CPU
	EndGlobalSection
	GlobalSection(ProjectConfigurationPlatforms) = postSolution
		{E5446616-00D3-4A6B-A694-2635E30AE202}.Debug|Any CPU.ActiveCfg = Debug|Any CPU
		{E5446616-00D3-4A6B-A694-2635E30AE202}.Debug|Any CPU.Build.0 = Debug|Any CPU
		{E5446616-00D3-4A6B-A694-2635E30AE202}.Release|Any CPU.ActiveCfg = Release|Any CPU
		{E5446616-00D3-4A6B-A694-2635E30AE202}.Release|Any CPU.Build.0 = Release|Any CPU
		{9CF84680-2378-419D-8F68-9F800A13620B}.Debug|Any CPU.ActiveCfg = Debug|Any CPU
		{9CF84680-2378-419D-8F68-9F800A13620B}.Debug|Any CPU.Build.0 = Debug|Any CPU
		{9CF84680-2378-419D-8F68-9F800A13620B}.Release|Any CPU.ActiveCfg = Release|Any CPU
		{9CF84680-2378-419D-8F68-9F800A13620B}.Release|Any CPU.Build.0 = Release|Any CPU
	EndGlobalSection
	GlobalSection(SolutionProperties) = preSolution
		HideSolutionNode = FALSE
	EndGlobalSection
	GlobalSection(ExtensibilityGlobals) = postSolution
		SolutionGuid = {4B8E5281-1EBD-45B6-8EF0-4B60427E98E1}
	EndGlobalSection
EndGlobal
